
Microsoft Visual Studio Solution File, Format Version 12.00
# Visual Studio Version 16
VisualStudioVersion = 16.0.30309.148
MinimumVisualStudioVersion = 10.0.40219.1
Project("{FAE04EC0-301F-11D3-BF4B-00C04F79EFBC}") = "SalesWebMvc", "SalesWebMvc\SalesWebMvc.csproj", "{613231B2-D171-43CE-81B7-7D1AFEAE89D0}"
EndProject
Global
	GlobalSection(SolutionConfigurationPlatforms) = preSolution
		Debug|Any CPU = Debug|Any CPU
		Release|Any CPU = Release|Any CPU
	EndGlobalSection
	GlobalSection(ProjectConfigurationPlatforms) = postSolution
		{613231B2-D171-43CE-81B7-7D1AFEAE89D0}.Debug|Any CPU.ActiveCfg = Debug|Any CPU
		{613231B2-D171-43CE-81B7-7D1AFEAE89D0}.Debug|Any CPU.Build.0 = Debug|Any CPU
		{613231B2-D171-43CE-81B7-7D1AFEAE89D0}.Release|Any CPU.ActiveCfg = Release|Any CPU
		{613231B2-D171-43CE-81B7-7D1AFEAE89D0}.Release|Any CPU.Build.0 = Release|Any CPU
	EndGlobalSection
	GlobalSection(SolutionProperties) = preSolution
		HideSolutionNode = FALSE
	EndGlobalSection
	GlobalSection(ExtensibilityGlobals) = postSolution
		SolutionGuid = {3F1B345E-32C8-442D-83D9-47C1E6FC64B3}
	EndGlobalSection
EndGlobal
